
Microsoft Visual Studio Solution File, Format Version 12.00
Project("{FAE04EC0-301F-11D3-BF4B-00C04F79EFBC}") = "timetable_tape_alg", "timetable_tape_alg\timetable_tape_alg.csproj", "{63D759F4-C949-4E72-8CCA-A878677DB123}"
EndProject
Global
	GlobalSection(SolutionConfigurationPlatforms) = preSolution
		Debug|Any CPU = Debug|Any CPU
		Release|Any CPU = Release|Any CPU
	EndGlobalSection
	GlobalSection(ProjectConfigurationPlatforms) = postSolution
		{63D759F4-C949-4E72-8CCA-A878677DB123}.Debug|Any CPU.ActiveCfg = Debug|Any CPU
		{63D759F4-C949-4E72-8CCA-A878677DB123}.Debug|Any CPU.Build.0 = Debug|Any CPU
		{63D759F4-C949-4E72-8CCA-A878677DB123}.Release|Any CPU.ActiveCfg = Release|Any CPU
		{63D759F4-C949-4E72-8CCA-A878677DB123}.Release|Any CPU.Build.0 = Release|Any CPU
	EndGlobalSection
EndGlobal
